// !$*UTF8*$!
{
	archiveVersion = 1;
	classes = {
	};
	objectVersion = 48;
	objects = {

/* Begin PBXBuildFile section */
		C5F34AAB20481E770058D1C2 /* AppDelegate.swift in Sources */ = {isa = PBXBuildFile; fileRef = C5F34AAA20481E770058D1C2 /* AppDelegate.swift */; };
		C5F34AAD20481E770058D1C2 /* TodoListViewController.swift in Sources */ = {isa = PBXBuildFile; fileRef = C5F34AAC20481E770058D1C2 /* TodoListViewController.swift */; };
		C5F34AB020481E770058D1C2 /* Main.storyboard in Resources */ = {isa = PBXBuildFile; fileRef = C5F34AAE20481E770058D1C2 /* Main.storyboard */; };
		C5F34AB220481E770058D1C2 /* Assets.xcassets in Resources */ = {isa = PBXBuildFile; fileRef = C5F34AB120481E770058D1C2 /* Assets.xcassets */; };
		C5F34AB520481E770058D1C2 /* LaunchScreen.storyboard in Resources */ = {isa = PBXBuildFile; fileRef = C5F34AB320481E770058D1C2 /* LaunchScreen.storyboard */; };
		C5F34AE7205EB3780058D1C2 /* CategoryViewController.swift in Sources */ = {isa = PBXBuildFile; fileRef = C5F34AE6205EB3780058D1C2 /* CategoryViewController.swift */; };
		C5F34AEB2066CB0B0058D1C2 /* Item.swift in Sources */ = {isa = PBXBuildFile; fileRef = C5F34AEA2066CB0B0058D1C2 /* Item.swift */; };
		C5F34AED2066CB480058D1C2 /* Category.swift in Sources */ = {isa = PBXBuildFile; fileRef = C5F34AEC2066CB480058D1C2 /* Category.swift */; };
		C5F34AEF2072F11C0058D1C2 /* SwipeTableViewController.swift in Sources */ = {isa = PBXBuildFile; fileRef = C5F34AEE2072F11C0058D1C2 /* SwipeTableViewController.swift */; };
		D52A22935CCA49696572A6D4 /* Pods_Todone.framework in Frameworks */ = {isa = PBXBuildFile; fileRef = C137E937889D5E49739185E9 /* Pods_Todone.framework */; };
/* End PBXBuildFile section */

/* Begin PBXFileReference section */
		0ED25F66891C214D46529E1D /* Pods-Todone.release.xcconfig */ = {isa = PBXFileReference; includeInIndex = 1; lastKnownFileType = text.xcconfig; name = "Pods-Todone.release.xcconfig"; path = "Pods/Target Support Files/Pods-Todone/Pods-Todone.release.xcconfig"; sourceTree = "<group>"; };
		AAD8D021EF43C37D326F1A93 /* Pods-Todone.debug.xcconfig */ = {isa = PBXFileReference; includeInIndex = 1; lastKnownFileType = text.xcconfig; name = "Pods-Todone.debug.xcconfig"; path = "Pods/Target Support Files/Pods-Todone/Pods-Todone.debug.xcconfig"; sourceTree = "<group>"; };
		C137E937889D5E49739185E9 /* Pods_Todone.framework */ = {isa = PBXFileReference; explicitFileType = wrapper.framework; includeInIndex = 0; path = Pods_Todone.framework; sourceTree = BUILT_PRODUCTS_DIR; };
		C5F34AA720481E770058D1C2 /* Todone.app */ = {isa = PBXFileReference; explicitFileType = wrapper.application; includeInIndex = 0; path = Todone.app; sourceTree = BUILT_PRODUCTS_DIR; };
		C5F34AAA20481E770058D1C2 /* AppDelegate.swift */ = {isa = PBXFileReference; lastKnownFileType = sourcecode.swift; path = AppDelegate.swift; sourceTree = "<group>"; };
		C5F34AAC20481E770058D1C2 /* TodoListViewController.swift */ = {isa = PBXFileReference; lastKnownFileType = sourcecode.swift; path = TodoListViewController.swift; sourceTree = "<group>"; };
		C5F34AAF20481E770058D1C2 /* Base */ = {isa = PBXFileReference; lastKnownFileType = file.storyboard; name = Base; path = Base.lproj/Main.storyboard; sourceTree = "<group>"; };
		C5F34AB120481E770058D1C2 /* Assets.xcassets */ = {isa = PBXFileReference; lastKnownFileType = folder.assetcatalog; path = Assets.xcassets; sourceTree = "<group>"; };
		C5F34AB420481E770058D1C2 /* Base */ = {isa = PBXFileReference; lastKnownFileType = file.storyboard; name = Base; path = Base.lproj/LaunchScreen.storyboard; sourceTree = "<group>"; };
		C5F34AB620481E770058D1C2 /* Info.plist */ = {isa = PBXFileReference; lastKnownFileType = text.plist.xml; path = Info.plist; sourceTree = "<group>"; };
		C5F34AE6205EB3780058D1C2 /* CategoryViewController.swift */ = {isa = PBXFileReference; lastKnownFileType = sourcecode.swift; path = CategoryViewController.swift; sourceTree = "<group>"; };
		C5F34AEA2066CB0B0058D1C2 /* Item.swift */ = {isa = PBXFileReference; lastKnownFileType = sourcecode.swift; path = Item.swift; sourceTree = "<group>"; };
		C5F34AEC2066CB480058D1C2 /* Category.swift */ = {isa = PBXFileReference; lastKnownFileType = sourcecode.swift; path = Category.swift; sourceTree = "<group>"; };
		C5F34AEE2072F11C0058D1C2 /* SwipeTableViewController.swift */ = {isa = PBXFileReference; lastKnownFileType = sourcecode.swift; path = SwipeTableViewController.swift; sourceTree = "<group>"; };
/* End PBXFileReference section */

/* Begin PBXFrameworksBuildPhase section */
		C5F34AA420481E770058D1C2 /* Frameworks */ = {
			isa = PBXFrameworksBuildPhase;
			buildActionMask = 2147483647;
			files = (
				D52A22935CCA49696572A6D4 /* Pods_Todone.framework in Frameworks */,
			);
			runOnlyForDeploymentPostprocessing = 0;
		};
/* End PBXFrameworksBuildPhase section */

/* Begin PBXGroup section */
		893A939B617D93147D961974 /* Frameworks */ = {
			isa = PBXGroup;
			children = (
				C137E937889D5E49739185E9 /* Pods_Todone.framework */,
			);
			name = Frameworks;
			sourceTree = "<group>";
		};
		8F4DE6BB771A7987CC38FDDC /* Pods */ = {
			isa = PBXGroup;
			children = (
				AAD8D021EF43C37D326F1A93 /* Pods-Todone.debug.xcconfig */,
				0ED25F66891C214D46529E1D /* Pods-Todone.release.xcconfig */,
			);
			name = Pods;
			sourceTree = "<group>";
		};
		C5F34A9E20481E770058D1C2 = {
			isa = PBXGroup;
			children = (
				C5F34AA920481E770058D1C2 /* Todone */,
				C5F34AA820481E770058D1C2 /* Products */,
				8F4DE6BB771A7987CC38FDDC /* Pods */,
				893A939B617D93147D961974 /* Frameworks */,
			);
			sourceTree = "<group>";
		};
		C5F34AA820481E770058D1C2 /* Products */ = {
			isa = PBXGroup;
			children = (
				C5F34AA720481E770058D1C2 /* Todone.app */,
			);
			name = Products;
			sourceTree = "<group>";
		};
		C5F34AA920481E770058D1C2 /* Todone */ = {
			isa = PBXGroup;
			children = (
				C5F34AAA20481E770058D1C2 /* AppDelegate.swift */,
				C5F34ABF205001B20058D1C2 /* Controllers */,
				C5F34ABE205001920058D1C2 /* Data Model */,
				C5F34AC0205001D10058D1C2 /* View */,
				C5F34AC12050022E0058D1C2 /* Support Files */,
				C5F34AB620481E770058D1C2 /* Info.plist */,
			);
			path = Todone;
			sourceTree = "<group>";
		};
		C5F34ABE205001920058D1C2 /* Data Model */ = {
			isa = PBXGroup;
			children = (
				C5F34AEC2066CB480058D1C2 /* Category.swift */,
				C5F34AEA2066CB0B0058D1C2 /* Item.swift */,
			);
			path = "Data Model";
			sourceTree = "<group>";
		};
		C5F34ABF205001B20058D1C2 /* Controllers */ = {
			isa = PBXGroup;
			children = (
				C5F34AE6205EB3780058D1C2 /* CategoryViewController.swift */,
				C5F34AAC20481E770058D1C2 /* TodoListViewController.swift */,
				C5F34AEE2072F11C0058D1C2 /* SwipeTableViewController.swift */,
			);
			path = Controllers;
			sourceTree = "<group>";
		};
		C5F34AC0205001D10058D1C2 /* View */ = {
			isa = PBXGroup;
			children = (
				C5F34AAE20481E770058D1C2 /* Main.storyboard */,
			);
			path = View;
			sourceTree = "<group>";
		};
		C5F34AC12050022E0058D1C2 /* Support Files */ = {
			isa = PBXGroup;
			children = (
				C5F34AB120481E770058D1C2 /* Assets.xcassets */,
				C5F34AB320481E770058D1C2 /* LaunchScreen.storyboard */,
			);
			path = "Support Files";
			sourceTree = "<group>";
		};
/* End PBXGroup section */

/* Begin PBXNativeTarget section */
		C5F34AA620481E770058D1C2 /* Todone */ = {
			isa = PBXNativeTarget;
			buildConfigurationList = C5F34AB920481E770058D1C2 /* Build configuration list for PBXNativeTarget "Todone" */;
			buildPhases = (
				41673912708F4A8D2C98F7D0 /* [CP] Check Pods Manifest.lock */,
				C5F34AA320481E770058D1C2 /* Sources */,
				C5F34AA420481E770058D1C2 /* Frameworks */,
				C5F34AA520481E770058D1C2 /* Resources */,
				CD1D9CE123771CBA31563080 /* [CP] Embed Pods Frameworks */,
				CEAA2C27B3BBA83DE50A8B5A /* [CP] Copy Pods Resources */,
			);
			buildRules = (
			);
			dependencies = (
			);
			name = Todone;
			productName = Todone;
			productReference = C5F34AA720481E770058D1C2 /* Todone.app */;
			productType = "com.apple.product-type.application";
		};
/* End PBXNativeTarget section */

/* Begin PBXProject section */
		C5F34A9F20481E770058D1C2 /* Project object */ = {
			isa = PBXProject;
			attributes = {
				LastSwiftUpdateCheck = 0920;
				LastUpgradeCheck = 0920;
				ORGANIZATIONNAME = "Josh Gressman";
				TargetAttributes = {
					C5F34AA620481E770058D1C2 = {
						CreatedOnToolsVersion = 9.2;
						ProvisioningStyle = Automatic;
					};
				};
			};
			buildConfigurationList = C5F34AA220481E770058D1C2 /* Build configuration list for PBXProject "Todone" */;
			compatibilityVersion = "Xcode 8.0";
			developmentRegion = en;
			hasScannedForEncodings = 0;
			knownRegions = (
				en,
				Base,
			);
			mainGroup = C5F34A9E20481E770058D1C2;
			productRefGroup = C5F34AA820481E770058D1C2 /* Products */;
			projectDirPath = "";
			projectRoot = "";
			targets = (
				C5F34AA620481E770058D1C2 /* Todone */,
			);
		};
/* End PBXProject section */

/* Begin PBXResourcesBuildPhase section */
		C5F34AA520481E770058D1C2 /* Resources */ = {
			isa = PBXResourcesBuildPhase;
			buildActionMask = 2147483647;
			files = (
				C5F34AB520481E770058D1C2 /* LaunchScreen.storyboard in Resources */,
				C5F34AB220481E770058D1C2 /* Assets.xcassets in Resources */,
				C5F34AB020481E770058D1C2 /* Main.storyboard in Resources */,
			);
			runOnlyForDeploymentPostprocessing = 0;
		};
/* End PBXResourcesBuildPhase section */

/* Begin PBXShellScriptBuildPhase section */
		41673912708F4A8D2C98F7D0 /* [CP] Check Pods Manifest.lock */ = {
			isa = PBXShellScriptBuildPhase;
			buildActionMask = 2147483647;
			files = (
			);
			inputPaths = (
				"${PODS_PODFILE_DIR_PATH}/Podfile.lock",
				"${PODS_ROOT}/Manifest.lock",
			);
			name = "[CP] Check Pods Manifest.lock";
			outputPaths = (
				"$(DERIVED_FILE_DIR)/Pods-Todone-checkManifestLockResult.txt",
			);
			runOnlyForDeploymentPostprocessing = 0;
			shellPath = /bin/sh;
			shellScript = "diff \"${PODS_PODFILE_DIR_PATH}/Podfile.lock\" \"${PODS_ROOT}/Manifest.lock\" > /dev/null\nif [ $? != 0 ] ; then\n    # print error to STDERR\n    echo \"error: The sandbox is not in sync with the Podfile.lock. Run 'pod install' or update your CocoaPods installation.\" >&2\n    exit 1\nfi\n# This output is used by Xcode 'outputs' to avoid re-running this script phase.\necho \"SUCCESS\" > \"${SCRIPT_OUTPUT_FILE_0}\"\n";
			showEnvVarsInLog = 0;
		};
		CD1D9CE123771CBA31563080 /* [CP] Embed Pods Frameworks */ = {
			isa = PBXShellScriptBuildPhase;
			buildActionMask = 2147483647;
			files = (
			);
			inputPaths = (
				"${SRCROOT}/Pods/Target Support Files/Pods-Todone/Pods-Todone-frameworks.sh",
				"${BUILT_PRODUCTS_DIR}/Realm/Realm.framework",
				"${BUILT_PRODUCTS_DIR}/RealmSwift/RealmSwift.framework",
				"${BUILT_PRODUCTS_DIR}/SwipeCellKit/SwipeCellKit.framework",
			);
			name = "[CP] Embed Pods Frameworks";
			outputPaths = (
				"${TARGET_BUILD_DIR}/${FRAMEWORKS_FOLDER_PATH}/Realm.framework",
				"${TARGET_BUILD_DIR}/${FRAMEWORKS_FOLDER_PATH}/RealmSwift.framework",
				"${TARGET_BUILD_DIR}/${FRAMEWORKS_FOLDER_PATH}/SwipeCellKit.framework",
			);
			runOnlyForDeploymentPostprocessing = 0;
			shellPath = /bin/sh;
			shellScript = "\"${SRCROOT}/Pods/Target Support Files/Pods-Todone/Pods-Todone-frameworks.sh\"\n";
			showEnvVarsInLog = 0;
		};
		CEAA2C27B3BBA83DE50A8B5A /* [CP] Copy Pods Resources */ = {
			isa = PBXShellScriptBuildPhase;
			buildActionMask = 2147483647;
			files = (
			);
			inputPaths = (
			);
			name = "[CP] Copy Pods Resources";
			outputPaths = (
			);
			runOnlyForDeploymentPostprocessing = 0;
			shellPath = /bin/sh;
			shellScript = "\"${SRCROOT}/Pods/Target Support Files/Pods-Todone/Pods-Todone-resources.sh\"\n";
			showEnvVarsInLog = 0;
		};
/* End PBXShellScriptBuildPhase section */

/* Begin PBXSourcesBuildPhase section */
		C5F34AA320481E770058D1C2 /* Sources */ = {
			isa = PBXSourcesBuildPhase;
			buildActionMask = 2147483647;
			files = (
				C5F34AEB2066CB0B0058D1C2 /* Item.swift in Sources */,
				C5F34AE7205EB3780058D1C2 /* CategoryViewController.swift in Sources */,
				C5F34AAD20481E770058D1C2 /* TodoListViewController.swift in Sources */,
				C5F34AAB20481E770058D1C2 /* AppDelegate.swift in Sources */,
				C5F34AEF2072F11C0058D1C2 /* SwipeTableViewController.swift in Sources */,
				C5F34AED2066CB480058D1C2 /* Category.swift in Sources */,
			);
			runOnlyForDeploymentPostprocessing = 0;
		};
/* End PBXSourcesBuildPhase section */

/* Begin PBXVariantGroup section */
		C5F34AAE20481E770058D1C2 /* Main.storyboard */ = {
			isa = PBXVariantGroup;
			children = (
				C5F34AAF20481E770058D1C2 /* Base */,
			);
			name = Main.storyboard;
			sourceTree = "<group>";
		};
		C5F34AB320481E770058D1C2 /* LaunchScreen.storyboard */ = {
			isa = PBXVariantGroup;
			children = (
				C5F34AB420481E770058D1C2 /* Base */,
			);
			name = LaunchScreen.storyboard;
			sourceTree = "<group>";
		};
/* End PBXVariantGroup section */

/* Begin XCBuildConfiguration section */
		C5F34AB720481E770058D1C2 /* Debug */ = {
			isa = XCBuildConfiguration;
			buildSettings = {
				ALWAYS_SEARCH_USER_PATHS = NO;
				CLANG_ANALYZER_NONNULL = YES;
				CLANG_ANALYZER_NUMBER_OBJECT_CONVERSION = YES_AGGRESSIVE;
				CLANG_CXX_LANGUAGE_STANDARD = "gnu++14";
				CLANG_CXX_LIBRARY = "libc++";
				CLANG_ENABLE_MODULES = YES;
				CLANG_ENABLE_OBJC_ARC = YES;
				CLANG_WARN_BLOCK_CAPTURE_AUTORELEASING = YES;
				CLANG_WARN_BOOL_CONVERSION = YES;
				CLANG_WARN_COMMA = YES;
				CLANG_WARN_CONSTANT_CONVERSION = YES;
				CLANG_WARN_DIRECT_OBJC_ISA_USAGE = YES_ERROR;
				CLANG_WARN_DOCUMENTATION_COMMENTS = YES;
				CLANG_WARN_EMPTY_BODY = YES;
				CLANG_WARN_ENUM_CONVERSION = YES;
				CLANG_WARN_INFINITE_RECURSION = YES;
				CLANG_WARN_INT_CONVERSION = YES;
				CLANG_WARN_NON_LITERAL_NULL_CONVERSION = YES;
				CLANG_WARN_OBJC_LITERAL_CONVERSION = YES;
				CLANG_WARN_OBJC_ROOT_CLASS = YES_ERROR;
				CLANG_WARN_RANGE_LOOP_ANALYSIS = YES;
				CLANG_WARN_STRICT_PROTOTYPES = YES;
				CLANG_WARN_SUSPICIOUS_MOVE = YES;
				CLANG_WARN_UNGUARDED_AVAILABILITY = YES_AGGRESSIVE;
				CLANG_WARN_UNREACHABLE_CODE = YES;
				CLANG_WARN__DUPLICATE_METHOD_MATCH = YES;
				CODE_SIGN_IDENTITY = "iPhone Developer";
				COPY_PHASE_STRIP = NO;
				DEBUG_INFORMATION_FORMAT = dwarf;
				ENABLE_STRICT_OBJC_MSGSEND = YES;
				ENABLE_TESTABILITY = YES;
				GCC_C_LANGUAGE_STANDARD = gnu11;
				GCC_DYNAMIC_NO_PIC = NO;
				GCC_NO_COMMON_BLOCKS = YES;
				GCC_OPTIMIZATION_LEVEL = 0;
				GCC_PREPROCESSOR_DEFINITIONS = (
					"DEBUG=1",
					"$(inherited)",
				);
				GCC_WARN_64_TO_32_BIT_CONVERSION = YES;
				GCC_WARN_ABOUT_RETURN_TYPE = YES_ERROR;
				GCC_WARN_UNDECLARED_SELECTOR = YES;
				GCC_WARN_UNINITIALIZED_AUTOS = YES_AGGRESSIVE;
				GCC_WARN_UNUSED_FUNCTION = YES;
				GCC_WARN_UNUSED_VARIABLE = YES;
				IPHONEOS_DEPLOYMENT_TARGET = 11.2;
				MTL_ENABLE_DEBUG_INFO = YES;
				ONLY_ACTIVE_ARCH = YES;
				SDKROOT = iphoneos;
				SWIFT_ACTIVE_COMPILATION_CONDITIONS = DEBUG;
				SWIFT_OPTIMIZATION_LEVEL = "-Onone";
			};
			name = Debug;
		};
		C5F34AB820481E770058D1C2 /* Release */ = {
			isa = XCBuildConfiguration;
			buildSettings = {
				ALWAYS_SEARCH_USER_PATHS = NO;
				CLANG_ANALYZER_NONNULL = YES;
				CLANG_ANALYZER_NUMBER_OBJECT_CONVERSION = YES_AGGRESSIVE;
				CLANG_CXX_LANGUAGE_STANDARD = "gnu++14";
				CLANG_CXX_LIBRARY = "libc++";
				CLANG_ENABLE_MODULES = YES;
				CLANG_ENABLE_OBJC_ARC = YES;
				CLANG_WARN_BLOCK_CAPTURE_AUTORELEASING = YES;
				CLANG_WARN_BOOL_CONVERSION = YES;
				CLANG_WARN_COMMA = YES;
				CLANG_WARN_CONSTANT_CONVERSION = YES;
				CLANG_WARN_DIRECT_OBJC_ISA_USAGE = YES_ERROR;
				CLANG_WARN_DOCUMENTATION_COMMENTS = YES;
				CLANG_WARN_EMPTY_BODY = YES;
				CLANG_WARN_ENUM_CONVERSION = YES;
				CLANG_WARN_INFINITE_RECURSION = YES;
				CLANG_WARN_INT_CONVERSION = YES;
				CLANG_WARN_NON_LITERAL_NULL_CONVERSION = YES;
				CLANG_WARN_OBJC_LITERAL_CONVERSION = YES;
				CLANG_WARN_OBJC_ROOT_CLASS = YES_ERROR;
				CLANG_WARN_RANGE_LOOP_ANALYSIS = YES;
				CLANG_WARN_STRICT_PROTOTYPES = YES;
				CLANG_WARN_SUSPICIOUS_MOVE = YES;
				CLANG_WARN_UNGUARDED_AVAILABILITY = YES_AGGRESSIVE;
				CLANG_WARN_UNREACHABLE_CODE = YES;
				CLANG_WARN__DUPLICATE_METHOD_MATCH = YES;
				CODE_SIGN_IDENTITY = "iPhone Developer";
				COPY_PHASE_STRIP = NO;
				DEBUG_INFORMATION_FORMAT = "dwarf-with-dsym";
				ENABLE_NS_ASSERTIONS = NO;
				ENABLE_STRICT_OBJC_MSGSEND = YES;
				GCC_C_LANGUAGE_STANDARD = gnu11;
				GCC_NO_COMMON_BLOCKS = YES;
				GCC_WARN_64_TO_32_BIT_CONVERSION = YES;
				GCC_WARN_ABOUT_RETURN_TYPE = YES_ERROR;
				GCC_WARN_UNDECLARED_SELECTOR = YES;
				GCC_WARN_UNINITIALIZED_AUTOS = YES_AGGRESSIVE;
				GCC_WARN_UNUSED_FUNCTION = YES;
				GCC_WARN_UNUSED_VARIABLE = YES;
				IPHONEOS_DEPLOYMENT_TARGET = 11.2;
				MTL_ENABLE_DEBUG_INFO = NO;
				SDKROOT = iphoneos;
				SWIFT_OPTIMIZATION_LEVEL = "-Owholemodule";
				VALIDATE_PRODUCT = YES;
			};
			name = Release;
		};
		C5F34ABA20481E770058D1C2 /* Debug */ = {
			isa = XCBuildConfiguration;
			baseConfigurationReference = AAD8D021EF43C37D326F1A93 /* Pods-Todone.debug.xcconfig */;
			buildSettings = {
				ASSETCATALOG_COMPILER_APPICON_NAME = AppIcon;
				CODE_SIGN_STYLE = Automatic;
				DEVELOPMENT_TEAM = EJHE36FP6Q;
				INFOPLIST_FILE = Todone/Info.plist;
				LD_RUNPATH_SEARCH_PATHS = "$(inherited) @executable_path/Frameworks";
				PRODUCT_BUNDLE_IDENTIFIER = "com.northmandigital-todone.Todone";
				PRODUCT_NAME = "$(TARGET_NAME)";
				SWIFT_VERSION = 4.0;
				TARGETED_DEVICE_FAMILY = "1,2";
			};
			name = Debug;
		};
		C5F34ABB20481E770058D1C2 /* Release */ = {
			isa = XCBuildConfiguration;
			baseConfigurationReference = 0ED25F66891C214D46529E1D /* Pods-Todone.release.xcconfig */;
			buildSettings = {
				ASSETCATALOG_COMPILER_APPICON_NAME = AppIcon;
				CODE_SIGN_STYLE = Automatic;
				DEVELOPMENT_TEAM = EJHE36FP6Q;
				INFOPLIST_FILE = Todone/Info.plist;
				LD_RUNPATH_SEARCH_PATHS = "$(inherited) @executable_path/Frameworks";
				PRODUCT_BUNDLE_IDENTIFIER = "com.northmandigital-todone.Todone";
				PRODUCT_NAME = "$(TARGET_NAME)";
				SWIFT_VERSION = 4.0;
				TARGETED_DEVICE_FAMILY = "1,2";
			};
			name = Release;
		};
/* End XCBuildConfiguration section */

/* Begin XCConfigurationList section */
		C5F34AA220481E770058D1C2 /* Build configuration list for PBXProject "Todone" */ = {
			isa = XCConfigurationList;
			buildConfigurations = (
				C5F34AB720481E770058D1C2 /* Debug */,
				C5F34AB820481E770058D1C2 /* Release */,
			);
			defaultConfigurationIsVisible = 0;
			defaultConfigurationName = Release;
		};
		C5F34AB920481E770058D1C2 /* Build configuration list for PBXNativeTarget "Todone" */ = {
			isa = XCConfigurationList;
			buildConfigurations = (
				C5F34ABA20481E770058D1C2 /* Debug */,
				C5F34ABB20481E770058D1C2 /* Release */,
			);
			defaultConfigurationIsVisible = 0;
			defaultConfigurationName = Release;
		};
/* End XCConfigurationList section */
	};
	rootObject = C5F34A9F20481E770058D1C2 /* Project object */;
}
